
Microsoft Visual Studio Solution File, Format Version 12.00
# Visual Studio Version 17
VisualStudioVersion = 17.14.36212.18 d17.14
MinimumVisualStudioVersion = 10.0.40219.1
Project("{FAE04EC0-301F-11D3-BF4B-00C04F79EFBC}") = "myfarstAPP", "myfarstAPP.csproj", "{2604ADDC-DE0C-4B74-AFBC-F40A71919793}"
EndProject
Global
	GlobalSection(SolutionConfigurationPlatforms) = preSolution
		Debug|Any CPU = Debug|Any CPU
		Release|Any CPU = Release|Any CPU
	EndGlobalSection
	GlobalSection(ProjectConfigurationPlatforms) = postSolution
		{2604ADDC-DE0C-4B74-AFBC-F40A71919793}.Debug|Any CPU.ActiveCfg = Debug|Any CPU
		{2604ADDC-DE0C-4B74-AFBC-F40A71919793}.Debug|Any CPU.Build.0 = Debug|Any CPU
		{2604ADDC-DE0C-4B74-AFBC-F40A71919793}.Release|Any CPU.ActiveCfg = Release|Any CPU
		{2604ADDC-DE0C-4B74-AFBC-F40A71919793}.Release|Any CPU.Build.0 = Release|Any CPU
	EndGlobalSection
	GlobalSection(SolutionProperties) = preSolution
		HideSolutionNode = FALSE
	EndGlobalSection
	GlobalSection(ExtensibilityGlobals) = postSolution
		SolutionGuid = {B72F605D-5E43-4705-B1D7-EC5010112908}
	EndGlobalSection
EndGlobal
